
Microsoft Visual Studio Solution File, Format Version 12.00
# Visual Studio Version 17
VisualStudioVersion = 17.11.35312.102
MinimumVisualStudioVersion = 10.0.40219.1
Project("{FAE04EC0-301F-11D3-BF4B-00C04F79EFBC}") = "Api", "src\Api\Api.csproj", "{C65E08F4-6C4E-4345-A3D2-483DCEC984DC}"
EndProject
Global
	GlobalSection(SolutionConfigurationPlatforms) = preSolution
		Debug|Any CPU = Debug|Any CPU
		Release|Any CPU = Release|Any CPU
	EndGlobalSection
	GlobalSection(ProjectConfigurationPlatforms) = postSolution
		{C65E08F4-6C4E-4345-A3D2-483DCEC984DC}.Debug|Any CPU.ActiveCfg = Debug|Any CPU
		{C65E08F4-6C4E-4345-A3D2-483DCEC984DC}.Debug|Any CPU.Build.0 = Debug|Any CPU
		{C65E08F4-6C4E-4345-A3D2-483DCEC984DC}.Release|Any CPU.ActiveCfg = Release|Any CPU
		{C65E08F4-6C4E-4345-A3D2-483DCEC984DC}.Release|Any CPU.Build.0 = Release|Any CPU
	EndGlobalSection
	GlobalSection(SolutionProperties) = preSolution
		HideSolutionNode = FALSE
	EndGlobalSection
	GlobalSection(ExtensibilityGlobals) = postSolution
		SolutionGuid = {1C5E3DFD-4490-4559-801F-4ABA6E6C0050}
	EndGlobalSection
EndGlobal
