
Microsoft Visual Studio Solution File, Format Version 12.00
# Visual Studio Version 17
VisualStudioVersion = 17.9.34728.123
MinimumVisualStudioVersion = 10.0.40219.1
Project("{FAE04EC0-301F-11D3-BF4B-00C04F79EFBC}") = "Api", "src\Api\Api.csproj", "{0E54E4D6-76C2-49AF-A5A9-160DD3D04967}"
EndProject
Global
	GlobalSection(SolutionConfigurationPlatforms) = preSolution
		Debug|Any CPU = Debug|Any CPU
		Release|Any CPU = Release|Any CPU
	EndGlobalSection
	GlobalSection(ProjectConfigurationPlatforms) = postSolution
		{0E54E4D6-76C2-49AF-A5A9-160DD3D04967}.Debug|Any CPU.ActiveCfg = Debug|Any CPU
		{0E54E4D6-76C2-49AF-A5A9-160DD3D04967}.Debug|Any CPU.Build.0 = Debug|Any CPU
		{0E54E4D6-76C2-49AF-A5A9-160DD3D04967}.Release|Any CPU.ActiveCfg = Release|Any CPU
		{0E54E4D6-76C2-49AF-A5A9-160DD3D04967}.Release|Any CPU.Build.0 = Release|Any CPU
	EndGlobalSection
	GlobalSection(SolutionProperties) = preSolution
		HideSolutionNode = FALSE
	EndGlobalSection
	GlobalSection(ExtensibilityGlobals) = postSolution
		SolutionGuid = {87F7AFB8-DFFE-4B38-B646-8003747BEC5D}
	EndGlobalSection
EndGlobal
